{
    "_readme": [
        "This file locks the dependencies of your project to a known state",
        "Read more about it at https://getcomposer.org/doc/01-basic-usage.md#installing-dependencies",
        "This file is @generated automatically"
    ],
    "content-hash": "e09d10f552ea1963135eea6551e6c49e",
    "packages": [
        {
            "name": "acf/advanced-custom-fields-pro",
            "version": "5.9.0",
            "dist": {
                "type": "zip",
                "url": "https://composer.wp.dsd.io/dist/acf/advanced-custom-fields-pro/acf-advanced-custom-fields-pro-5.9.0.zip",
                "shasum": "6bb7818baa0e7cec664f774c106909a2483f9d3d"
            },
            "type": "wordpress-plugin"
        },
        {
            "name": "composer/installers",
            "version": "v1.10.0",
            "source": {
                "type": "git",
                "url": "https://github.com/composer/installers.git",
                "reference": "1a0357fccad9d1cc1ea0c9a05b8847fbccccb78d"
            },
            "dist": {
                "type": "zip",
                "url": "https://api.github.com/repos/composer/installers/zipball/1a0357fccad9d1cc1ea0c9a05b8847fbccccb78d",
                "reference": "1a0357fccad9d1cc1ea0c9a05b8847fbccccb78d",
                "shasum": ""
            },
            "require": {
                "composer-plugin-api": "^1.0 || ^2.0"
            },
            "replace": {
                "roundcube/plugin-installer": "*",
                "shama/baton": "*"
            },
            "require-dev": {
                "composer/composer": "1.6.* || ^2.0",
                "composer/semver": "^1 || ^3",
                "phpstan/phpstan": "^0.12.55",
                "phpstan/phpstan-phpunit": "^0.12.16",
                "symfony/phpunit-bridge": "^4.2 || ^5",
                "symfony/process": "^2.3"
            },
            "type": "composer-plugin",
            "extra": {
                "class": "Composer\\Installers\\Plugin",
                "branch-alias": {
                    "dev-main": "1.x-dev"
                }
            },
            "autoload": {
                "psr-4": {
                    "Composer\\Installers\\": "src/Composer/Installers"
                }
            },
            "notification-url": "https://packagist.org/downloads/",
            "license": [
                "MIT"
            ],
            "authors": [
                {
                    "name": "Kyle Robinson Young",
                    "email": "kyle@dontkry.com",
                    "homepage": "https://github.com/shama"
                }
            ],
            "description": "A multi-framework Composer library installer",
            "homepage": "https://composer.github.io/installers/",
            "keywords": [
                "Craft",
                "Dolibarr",
                "Eliasis",
                "Hurad",
                "ImageCMS",
                "Kanboard",
                "Lan Management System",
                "MODX Evo",
                "MantisBT",
                "Mautic",
                "Maya",
                "OXID",
                "Plentymarkets",
                "Porto",
                "RadPHP",
                "SMF",
                "Starbug",
                "Thelia",
                "Whmcs",
                "WolfCMS",
                "agl",
                "aimeos",
                "annotatecms",
                "attogram",
                "bitrix",
                "cakephp",
                "chef",
                "cockpit",
                "codeigniter",
                "concrete5",
                "croogo",
                "dokuwiki",
                "drupal",
                "eZ Platform",
                "elgg",
                "expressionengine",
                "fuelphp",
                "grav",
                "installer",
                "itop",
                "joomla",
                "known",
                "kohana",
                "laravel",
                "lavalite",
                "lithium",
                "magento",
                "majima",
                "mako",
                "mediawiki",
                "modulework",
                "modx",
                "moodle",
                "osclass",
                "phpbb",
                "piwik",
                "ppi",
                "processwire",
                "puppet",
                "pxcms",
                "reindex",
                "roundcube",
                "shopware",
                "silverstripe",
                "sydes",
                "sylius",
                "symfony",
                "typo3",
                "wordpress",
                "yawik",
                "zend",
                "zikula"
            ],
            "time": "2021-01-14T11:07:16+00:00"
        },
        {
            "name": "johnpbloch/wordpress",
            "version": "5.6.0",
            "source": {
                "type": "git",
                "url": "https://github.com/johnpbloch/wordpress.git",
                "reference": "3055975734646c8d0b8caf7b5af168ced6ec4309"
            },
            "dist": {
                "type": "zip",
                "url": "https://api.github.com/repos/johnpbloch/wordpress/zipball/3055975734646c8d0b8caf7b5af168ced6ec4309",
                "reference": "3055975734646c8d0b8caf7b5af168ced6ec4309",
                "shasum": ""
            },
            "require": {
                "johnpbloch/wordpress-core": "5.6.0",
                "johnpbloch/wordpress-core-installer": "^1.0 || ^2.0",
                "php": ">=5.6.20"
            },
            "type": "package",
            "notification-url": "https://packagist.org/downloads/",
            "license": [
                "GPL-2.0+"
            ],
            "authors": [
                {
                    "name": "WordPress Community",
                    "homepage": "http://wordpress.org/about/"
                }
            ],
            "description": "WordPress is open source software you can use to create a beautiful website, blog, or app.",
            "homepage": "http://wordpress.org/",
            "keywords": [
                "blog",
                "cms",
                "wordpress"
            ],
            "time": "2020-12-08T22:34:35+00:00"
        },
        {
            "name": "johnpbloch/wordpress-core",
            "version": "5.6.0",
            "source": {
                "type": "git",
                "url": "https://github.com/johnpbloch/wordpress-core.git",
                "reference": "f074617dd69f466302836d1ae5de75c0bd7b6dfd"
            },
            "dist": {
                "type": "zip",
                "url": "https://api.github.com/repos/johnpbloch/wordpress-core/zipball/f074617dd69f466302836d1ae5de75c0bd7b6dfd",
                "reference": "f074617dd69f466302836d1ae5de75c0bd7b6dfd",
                "shasum": ""
            },
            "require": {
                "ext-json": "*",
                "php": ">=5.6.20"
            },
            "provide": {
                "wordpress/core-implementation": "5.6.0"
            },
            "type": "wordpress-core",
            "notification-url": "https://packagist.org/downloads/",
            "license": [
                "GPL-2.0-or-later"
            ],
            "authors": [
                {
                    "name": "WordPress Community",
                    "homepage": "https://wordpress.org/about/"
                }
            ],
            "description": "WordPress is open source software you can use to create a beautiful website, blog, or app.",
            "homepage": "https://wordpress.org/",
            "keywords": [
                "blog",
                "cms",
                "wordpress"
            ],
            "time": "2020-12-08T22:34:23+00:00"
        },
        {
            "name": "johnpbloch/wordpress-core-installer",
            "version": "2.0.0",
            "source": {
                "type": "git",
                "url": "https://github.com/johnpbloch/wordpress-core-installer.git",
                "reference": "237faae9a60a4a2e1d45dce1a5836ffa616de63e"
            },
            "dist": {
                "type": "zip",
                "url": "https://api.github.com/repos/johnpbloch/wordpress-core-installer/zipball/237faae9a60a4a2e1d45dce1a5836ffa616de63e",
                "reference": "237faae9a60a4a2e1d45dce1a5836ffa616de63e",
                "shasum": ""
            },
            "require": {
                "composer-plugin-api": "^1.0 || ^2.0",
                "php": ">=5.6.0"
            },
            "conflict": {
                "composer/installers": "<1.0.6"
            },
            "require-dev": {
                "composer/composer": "^1.0 || ^2.0",
                "phpunit/phpunit": ">=5.7.27"
            },
            "type": "composer-plugin",
            "extra": {
                "class": "johnpbloch\\Composer\\WordPressCorePlugin"
            },
            "autoload": {
                "psr-0": {
                    "johnpbloch\\Composer\\": "src/"
                }
            },
            "notification-url": "https://packagist.org/downloads/",
            "license": [
                "GPL-2.0-or-later"
            ],
            "authors": [
                {
                    "name": "John P. Bloch",
                    "email": "me@johnpbloch.com"
                }
            ],
            "description": "A custom installer to handle deploying WordPress with composer",
            "keywords": [
                "wordpress"
            ],
            "time": "2020-04-16T21:44:57+00:00"
        },
        {
            "name": "koodimonni-language/core-en_gb",
            "version": "5.6",
            "dist": {
                "type": "zip",
                "url": "https://downloads.wordpress.org/translation/core/5.6/en_GB.zip"
            },
            "require": {
                "koodimonni/composer-dropin-installer": ">=0.2.3"
            },
            "type": "wordpress-language",
            "description": "Wordpress core translation for English (UK) - en_gb",
            "keywords": [
                "Translation",
                "Wordpress",
                "core",
                "en_gb"
            ]
        },
        {
            "name": "koodimonni/composer-dropin-installer",
            "version": "1.3",
            "source": {
                "type": "git",
                "url": "https://github.com/Koodimonni/Composer-Dropin-Installer.git",
                "reference": "2ebddd0ead26f52962be385dcc85057be4c5a69e"
            },
            "dist": {
                "type": "zip",
                "url": "https://api.github.com/repos/Koodimonni/Composer-Dropin-Installer/zipball/2ebddd0ead26f52962be385dcc85057be4c5a69e",
                "reference": "2ebddd0ead26f52962be385dcc85057be4c5a69e",
                "shasum": ""
            },
            "require": {
                "composer-plugin-api": "^1.0 | ^2.0",
                "php": ">=5.3.2"
            },
            "require-dev": {
                "phpunit/phpunit": "^5.7"
            },
            "type": "composer-plugin",
            "extra": {
                "class": "Koodimonni\\Composer\\Dropin"
            },
            "autoload": {
                "psr-4": {
                    "Koodimonni\\Composer\\": "src/"
                }
            },
            "notification-url": "https://packagist.org/downloads/",
            "license": [
                "WTFPL"
            ],
            "authors": [
                {
                    "name": "Onni Hakala",
                    "email": "onni@koodimonni.fi",
                    "role": "Developer"
                }
            ],
            "description": "Install packages or a few files from packages into custom paths without overwriting existing stuff.",
            "time": "2020-08-17T07:41:05+00:00"
        },
        {
            "name": "ministryofjustice/cookie-compliance-for-wordpress",
            "version": "1.3.2",
            "source": {
                "type": "git",
                "url": "https://github.com/ministryofjustice/cookie-compliance-for-wordpress.git",
                "reference": "cb04cfb9e912d780f176747dbd6796fb0741f738"
            },
            "dist": {
                "type": "zip",
                "url": "https://composer.wp.dsd.io/dist/ministryofjustice/cookie-compliance-for-wordpress/ministryofjustice-cookie-compliance-for-wordpress-cb04cfb9e912d780f176747dbd6796fb0741f738-zip-d7164c.zip",
                "reference": "cb04cfb9e912d780f176747dbd6796fb0741f738",
                "shasum": "0c89ea4ab1046876a0aeed7c11377f46aa1e045c"
            },
            "require": {
                "composer/installers": "^1.0"
            },
            "type": "wordpress-plugin",
            "autoload": {
                "psr-4": {
                    "CCFW\\": "./includes"
                },
                "classmap": [
                    "includes/"
                ]
            },
            "license": [
                "MIT"
            ],
            "authors": [
                {
                    "name": "Minstry of Justice",
                    "email": "wordpress@digital.justice.gov.uk"
                }
            ],
            "description": "WP plugin that presents visitor with a cookie consent banner and opt-out setting page.",
            "support": {
                "source": "https://github.com/ministryofjustice/cookie-compliance-for-wordpress/tree/1.3.2",
                "issues": "https://github.com/ministryofjustice/cookie-compliance-for-wordpress/issues"
            },
            "time": "2019-12-23T20:06:00+00:00"
        },
        {
            "name": "ministryofjustice/wp-moj-components",
            "version": "3.3.1",
            "source": {
                "type": "git",
                "url": "https://github.com/ministryofjustice/wp-moj-components.git",
                "reference": "56fc4277f7a42a61563951450ff3a486ffcf184d"
            },
            "dist": {
                "type": "zip",
                "url": "https://composer.wp.dsd.io/dist/ministryofjustice/wp-moj-components/ministryofjustice-wp-moj-components-56fc4277f7a42a61563951450ff3a486ffcf184d-zip-bc6109.zip",
                "reference": "56fc4277f7a42a61563951450ff3a486ffcf184d",
                "shasum": "fe8fc116767f57e3c36265e8a2f889e9b2f29b53"
            },
            "require": {
                "composer/installers": "^1.0"
            },
            "require-dev": {
                "10up/wp_mock": "0.4.2",
                "phpmd/phpmd": "^2.7",
                "squizlabs/php_codesniffer": "^3.5"
            },
            "type": "wordpress-muplugin",
            "autoload": {
                "psr-4": {
                    "component\\Introduce\\": "component/Introduce/",
                    "component\\Security\\": "component/Security/"
                }
            },
            "scripts": {
                "test": [
                    "vendor/bin/phpunit",
                    "vendor/bin/phpcs -p",
                    "vendor/bin/phpmd component/ text cleancode,codesize,controversial,design,naming,unusedcode"
                ],
                "coverage": [
                    "vendor/bin/phpunit --coverage-html coverage --whitelist component"
                ]
            },
            "authors": [
                {
                    "name": "Damien Wilson",
                    "email": "damien.wilson@digital.justice.gov.uk"
                }
            ],
            "description": "A plugin to introduce global functions to a collection of WP sites",
            "support": {
                "source": "https://github.com/ministryofjustice/wp-moj-components/tree/3.3.1",
                "issues": "https://github.com/ministryofjustice/wp-moj-components/issues"
            },
            "time": "2020-08-14T13:39:13+00:00"
        },
        {
            "name": "ministryofjustice/wp-moj-social-share",
            "version": "1.1",
            "source": {
                "type": "git",
                "url": "https://github.com/ministryofjustice/wp-moj-social-share.git",
                "reference": "340044cf463cdb92c9fa7b503fde208d3359dfc3"
            },
            "dist": {
                "type": "zip",
                "url": "https://composer.wp.dsd.io/dist/ministryofjustice/wp-moj-social-share/ministryofjustice-wp-moj-social-share-340044cf463cdb92c9fa7b503fde208d3359dfc3-zip-a8e4a0.zip",
                "reference": "340044cf463cdb92c9fa7b503fde208d3359dfc3",
                "shasum": "d08bad6a78477e44434d48c8fdf73998402d95bf"
            },
            "require": {
                "composer/installers": "^1.0"
            },
            "type": "wordpress-plugin",
            "authors": [
                {
                    "name": "Stephanie David",
                    "email": "stephanie.david@digital.justice.gov.uk"
                }
            ],
            "description": "A WordPress plugin that will add share buttons to pages",
            "support": {
                "source": "https://github.com/ministryofjustice/wp-moj-social-share/tree/1.1",
                "issues": "https://github.com/ministryofjustice/wp-moj-social-share/issues"
            },
            "time": "2019-07-02T08:39:14+00:00"
        },
        {
            "name": "ministryofjustice/wp-rewrite-media-to-s3",
            "version": "0.3.1",
            "source": {
                "type": "git",
                "url": "https://github.com/ministryofjustice/wp-rewrite-media-to-s3.git",
                "reference": "c65aeaa5beb9498ac316609a20a8fbe99be464d6"
            },
            "dist": {
                "type": "zip",
                "url": "https://composer.wp.dsd.io/dist/ministryofjustice/wp-rewrite-media-to-s3/ministryofjustice-wp-rewrite-media-to-s3-c65aeaa5beb9498ac316609a20a8fbe99be464d6-zip-b81a1e.zip",
                "reference": "c65aeaa5beb9498ac316609a20a8fbe99be464d6",
                "shasum": "5b1e9d8b7c41db0910adac6266a9c3837557949f"
            },
            "require": {
                "composer/installers": "^1.0"
            },
            "require-dev": {
                "phpunit/phpunit": "^9.1"
            },
            "type": "wordpress-plugin",
            "authors": [
                {
                    "name": "Ollie Treend",
                    "email": "ollie.treend@digital.justice.gov.uk"
                }
            ],
            "description": "A WordPress plugin which rewrites media attachment URLs to S3.",
            "support": {
                "source": "https://github.com/ministryofjustice/wp-rewrite-media-to-s3/tree/0.3.1",
                "issues": "https://github.com/ministryofjustice/wp-rewrite-media-to-s3/issues"
            },
            "time": "2020-05-14T16:29:40+00:00"
        },
        {
            "name": "ministryofjustice/wp-user-roles",
            "version": "0.2.5",
            "source": {
                "type": "git",
                "url": "https://github.com/ministryofjustice/wp-user-roles.git",
                "reference": "62d7d2220e65e59cb200f243d36d18cf0ff84429"
            },
            "dist": {
                "type": "zip",
                "url": "https://composer.wp.dsd.io/dist/ministryofjustice/wp-user-roles/ministryofjustice-wp-user-roles-62d7d2220e65e59cb200f243d36d18cf0ff84429-zip-e5f1b4.zip",
                "reference": "62d7d2220e65e59cb200f243d36d18cf0ff84429",
                "shasum": "4b4891c9e35010f335e4d6fcc26d9b00ce9627a5"
            },
            "require": {
                "composer/installers": "^1.0"
            },
            "type": "wordpress-plugin",
            "authors": [
                {
                    "name": "Ollie Treend",
                    "email": "ollie.treend@digital.justice.gov.uk"
                },
                {
                    "name": "James Devon",
                    "email": "james.devon@digital.justice.gov.uk"
                },
                {
                    "name": "Damien Wilson",
                    "email": "damien.wilson@digital.justice.gov.uk"
                }
            ],
            "description": "A WordPress plugin to create user roles typically required by a MOJDigital WordPress site",
            "support": {
                "source": "https://github.com/ministryofjustice/wp-user-roles/tree/0.2.5",
                "issues": "https://github.com/ministryofjustice/wp-user-roles/issues"
            },
            "time": "2020-08-18T12:36:32+00:00"
        },
        {
            "name": "oscarotero/env",
            "version": "v1.2.0",
            "source": {
                "type": "git",
                "url": "https://github.com/oscarotero/env.git",
                "reference": "4ab45ce5c1f2c62549208426bfa20a3d5fa008c6"
            },
            "dist": {
                "type": "zip",
                "url": "https://api.github.com/repos/oscarotero/env/zipball/4ab45ce5c1f2c62549208426bfa20a3d5fa008c6",
                "reference": "4ab45ce5c1f2c62549208426bfa20a3d5fa008c6",
                "shasum": ""
            },
            "require": {
                "ext-ctype": "*",
                "php": ">=5.2"
            },
            "type": "library",
            "autoload": {
                "psr-0": {
                    "Env": "src/"
                }
            },
            "notification-url": "https://packagist.org/downloads/",
            "license": [
                "MIT"
            ],
            "authors": [
                {
                    "name": "Oscar Otero",
                    "email": "oom@oscarotero.com",
                    "homepage": "http://oscarotero.com",
                    "role": "Developer"
                }
            ],
            "description": "Simple library to consume environment variables",
            "homepage": "https://github.com/oscarotero/env",
            "keywords": [
                "env"
            ],
            "time": "2019-04-03T18:28:43+00:00"
        },
        {
            "name": "relevanssi/relevanssi-premium",
            "version": "2.9.0",
            "dist": {
                "type": "zip",
                "url": "https://composer.wp.dsd.io/dist/relevanssi/relevanssi-premium/relevanssi-relevanssi-premium-2.9.0.zip",
                "shasum": "5b54b3cb8316c9acf8f3558864b13658c8c52809"
            },
            "type": "wordpress-plugin"
        },
        {
            "name": "roots/wp-password-bcrypt",
            "version": "1.0.0",
            "source": {
                "type": "git",
                "url": "https://github.com/roots/wp-password-bcrypt.git",
                "reference": "5cecd2e98ccc3193443cc5c5db9b3bc7abed5ffa"
            },
            "dist": {
                "type": "zip",
                "url": "https://api.github.com/repos/roots/wp-password-bcrypt/zipball/5cecd2e98ccc3193443cc5c5db9b3bc7abed5ffa",
                "reference": "5cecd2e98ccc3193443cc5c5db9b3bc7abed5ffa",
                "shasum": ""
            },
            "require": {
                "composer/installers": "~1.0",
                "php": ">=5.5.0"
            },
            "require-dev": {
                "brain/monkey": "^1.3.1",
                "mockery/mockery": "^0.9.4",
                "phpunit/phpunit": "^4.8.23|^5.2.9",
                "squizlabs/php_codesniffer": "^2.5.1"
            },
            "type": "library",
            "autoload": {
                "files": [
                    "wp-password-bcrypt.php"
                ]
            },
            "notification-url": "https://packagist.org/downloads/",
            "license": [
                "MIT"
            ],
            "authors": [
                {
                    "name": "Scott Walkinshaw",
                    "email": "scott.walkinshaw@gmail.com",
                    "homepage": "https://github.com/swalkinshaw"
                },
                {
                    "name": "qwp6t",
                    "homepage": "https://github.com/qwp6t"
                },
                {
                    "name": "Jan Pingel",
                    "email": "jpingel@bitpiston.com",
                    "homepage": "http://janpingel.com"
                }
            ],
            "description": "WordPress plugin which replaces wp_hash_password and wp_check_password's phpass hasher with PHP 5.5's password_hash and password_verify using bcrypt.",
            "homepage": "https://roots.io/plugins/wp-password-bcrypt",
            "keywords": [
                "wordpress wp bcrypt password"
            ],
            "time": "2016-03-01T16:27:06+00:00"
        },
        {
            "name": "symfony/polyfill-ctype",
            "version": "v1.22.0",
            "source": {
                "type": "git",
                "url": "https://github.com/symfony/polyfill-ctype.git",
                "reference": "c6c942b1ac76c82448322025e084cadc56048b4e"
            },
            "dist": {
                "type": "zip",
                "url": "https://api.github.com/repos/symfony/polyfill-ctype/zipball/c6c942b1ac76c82448322025e084cadc56048b4e",
                "reference": "c6c942b1ac76c82448322025e084cadc56048b4e",
                "shasum": ""
            },
            "require": {
                "php": ">=7.1"
            },
            "suggest": {
                "ext-ctype": "For best performance"
            },
            "type": "library",
            "extra": {
                "branch-alias": {
                    "dev-main": "1.22-dev"
                },
                "thanks": {
                    "name": "symfony/polyfill",
                    "url": "https://github.com/symfony/polyfill"
                }
            },
            "autoload": {
                "psr-4": {
                    "Symfony\\Polyfill\\Ctype\\": ""
                },
                "files": [
                    "bootstrap.php"
                ]
            },
            "notification-url": "https://packagist.org/downloads/",
            "license": [
                "MIT"
            ],
            "authors": [
                {
                    "name": "Gert de Pagter",
                    "email": "BackEndTea@gmail.com"
                },
                {
                    "name": "Symfony Community",
                    "homepage": "https://symfony.com/contributors"
                }
            ],
            "description": "Symfony polyfill for ctype functions",
            "homepage": "https://symfony.com",
            "keywords": [
                "compatibility",
                "ctype",
                "polyfill",
                "portable"
            ],
            "time": "2021-01-07T16:49:33+00:00"
        },
        {
            "name": "vlucas/phpdotenv",
            "version": "v2.6.6",
            "source": {
                "type": "git",
                "url": "https://github.com/vlucas/phpdotenv.git",
                "reference": "e1d57f62db3db00d9139078cbedf262280701479"
            },
            "dist": {
                "type": "zip",
                "url": "https://api.github.com/repos/vlucas/phpdotenv/zipball/e1d57f62db3db00d9139078cbedf262280701479",
                "reference": "e1d57f62db3db00d9139078cbedf262280701479",
                "shasum": ""
            },
            "require": {
                "php": "^5.3.9 || ^7.0 || ^8.0",
                "symfony/polyfill-ctype": "^1.17"
            },
            "require-dev": {
                "ext-filter": "*",
                "ext-pcre": "*",
                "phpunit/phpunit": "^4.8.35 || ^5.7.27"
            },
            "suggest": {
                "ext-filter": "Required to use the boolean validator.",
                "ext-pcre": "Required to use most of the library."
            },
            "type": "library",
            "extra": {
                "branch-alias": {
                    "dev-master": "2.6-dev"
                }
            },
            "autoload": {
                "psr-4": {
                    "Dotenv\\": "src/"
                }
            },
            "notification-url": "https://packagist.org/downloads/",
            "license": [
                "BSD-3-Clause"
            ],
            "authors": [
                {
                    "name": "Graham Campbell",
                    "email": "graham@alt-three.com",
                    "homepage": "https://gjcampbell.co.uk/"
                },
                {
                    "name": "Vance Lucas",
                    "email": "vance@vancelucas.com",
                    "homepage": "https://vancelucas.com/"
                }
            ],
            "description": "Loads environment variables from `.env` to `getenv()`, `$_ENV` and `$_SERVER` automagically.",
            "keywords": [
                "dotenv",
                "env",
                "environment"
            ],
            "time": "2020-07-14T17:54:18+00:00"
        },
        {
            "name": "wpackagist-plugin/analytify-analytics-dashboard-widget",
            "version": "1.1.4",
            "source": {
                "type": "svn",
                "url": "https://plugins.svn.wordpress.org/analytify-analytics-dashboard-widget/",
                "reference": "tags/1.1.4"
            },
            "dist": {
                "type": "zip",
                "url": "https://downloads.wordpress.org/plugin/analytify-analytics-dashboard-widget.1.1.4.zip"
            },
            "require": {
                "composer/installers": "~1.0"
            },
            "type": "wordpress-plugin",
            "homepage": "https://wordpress.org/plugins/analytify-analytics-dashboard-widget/"
        },
        {
            "name": "wpackagist-plugin/atomic-blocks",
            "version": "2.9.0",
            "source": {
                "type": "svn",
                "url": "https://plugins.svn.wordpress.org/atomic-blocks/",
                "reference": "tags/2.9.0"
            },
            "dist": {
                "type": "zip",
                "url": "https://downloads.wordpress.org/plugin/atomic-blocks.2.9.0.zip"
            },
            "require": {
                "composer/installers": "~1.0"
            },
            "type": "wordpress-plugin",
            "homepage": "https://wordpress.org/plugins/atomic-blocks/"
        },
        {
            "name": "wpackagist-plugin/kadence-blocks",
            "version": "1.9.13",
            "source": {
                "type": "svn",
                "url": "https://plugins.svn.wordpress.org/kadence-blocks/",
                "reference": "trunk"
            },
            "dist": {
                "type": "zip",
                "url": "https://downloads.wordpress.org/plugin/kadence-blocks.zip?timestamp=1610585559"
            },
            "require": {
                "composer/installers": "~1.0"
            },
            "type": "wordpress-plugin",
            "homepage": "https://wordpress.org/plugins/kadence-blocks/"
        },
        {
            "name": "wpackagist-plugin/simple-301-redirects",
            "version": "1.07",
            "source": {
                "type": "svn",
                "url": "https://plugins.svn.wordpress.org/simple-301-redirects/",
                "reference": "tags/1.07"
            },
            "dist": {
                "type": "zip",
                "url": "https://downloads.wordpress.org/plugin/simple-301-redirects.1.07.zip"
            },
            "require": {
                "composer/installers": "~1.0"
            },
            "type": "wordpress-plugin",
            "homepage": "https://wordpress.org/plugins/simple-301-redirects/"
        },
        {
            "name": "wpackagist-plugin/wordpress-seo",
            "version": "15.6.2",
            "source": {
                "type": "svn",
                "url": "https://plugins.svn.wordpress.org/wordpress-seo/",
                "reference": "tags/15.6.2"
            },
            "dist": {
                "type": "zip",
                "url": "https://downloads.wordpress.org/plugin/wordpress-seo.15.6.2.zip"
            },
            "require": {
                "composer/installers": "~1.0"
            },
            "type": "wordpress-plugin",
            "homepage": "https://wordpress.org/plugins/wordpress-seo/"
        },
        {
            "name": "wpackagist-plugin/wp-analytify",
            "version": "3.1.5",
            "source": {
                "type": "svn",
                "url": "https://plugins.svn.wordpress.org/wp-analytify/",
                "reference": "tags/3.1.5"
            },
            "dist": {
                "type": "zip",
                "url": "https://downloads.wordpress.org/plugin/wp-analytify.3.1.5.zip"
            },
            "require": {
                "composer/installers": "~1.0"
            },
            "type": "wordpress-plugin",
            "homepage": "https://wordpress.org/plugins/wp-analytify/"
        },
        {
            "name": "wpackagist-plugin/wp-browser-update",
            "version": "4.2.3",
            "source": {
                "type": "svn",
                "url": "https://plugins.svn.wordpress.org/wp-browser-update/",
                "reference": "trunk"
            },
            "dist": {
                "type": "zip",
                "url": "https://downloads.wordpress.org/plugin/wp-browser-update.zip?timestamp=1610295045"
            },
            "require": {
                "composer/installers": "~1.0"
            },
            "type": "wordpress-plugin",
            "homepage": "https://wordpress.org/plugins/wp-browser-update/"
        }
    ],
    "packages-dev": [
        {
            "name": "squizlabs/php_codesniffer",
            "version": "3.5.8",
            "source": {
                "type": "git",
                "url": "https://github.com/squizlabs/PHP_CodeSniffer.git",
                "reference": "9d583721a7157ee997f235f327de038e7ea6dac4"
            },
            "dist": {
                "type": "zip",
                "url": "https://api.github.com/repos/squizlabs/PHP_CodeSniffer/zipball/9d583721a7157ee997f235f327de038e7ea6dac4",
                "reference": "9d583721a7157ee997f235f327de038e7ea6dac4",
                "shasum": ""
            },
            "require": {
                "ext-simplexml": "*",
                "ext-tokenizer": "*",
                "ext-xmlwriter": "*",
                "php": ">=5.4.0"
            },
            "require-dev": {
                "phpunit/phpunit": "^4.0 || ^5.0 || ^6.0 || ^7.0"
            },
            "bin": [
                "bin/phpcs",
                "bin/phpcbf"
            ],
            "type": "library",
            "extra": {
                "branch-alias": {
                    "dev-master": "3.x-dev"
                }
            },
            "notification-url": "https://packagist.org/downloads/",
            "license": [
                "BSD-3-Clause"
            ],
            "authors": [
                {
                    "name": "Greg Sherwood",
                    "role": "lead"
                }
            ],
            "description": "PHP_CodeSniffer tokenizes PHP, JavaScript and CSS files and detects violations of a defined set of coding standards.",
            "homepage": "https://github.com/squizlabs/PHP_CodeSniffer",
            "keywords": [
                "phpcs",
                "standards"
            ],
            "time": "2020-10-23T02:01:07+00:00"
        }
    ],
    "aliases": [],
    "minimum-stability": "stable",
    "stability-flags": [],
    "prefer-stable": false,
    "prefer-lowest": false,
    "platform": {
        "php": ">=7.1"
    },
    "platform-dev": []
}
